
Microsoft Visual Studio Solution File, Format Version 10.00
# Visual Studio 2008
Project("{FAE04EC0-301F-11D3-BF4B-00C04F79EFBC}") = "FlowDirection", "FlowDirection.csproj", "{4931F582-139B-468D-AB01-37B5E73CB686}"
EndProject
Global
	GlobalSection(SolutionConfigurationPlatforms) = preSolution
		Debug|Any CPU = Debug|Any CPU
		Release|Any CPU = Release|Any CPU
	EndGlobalSection
	GlobalSection(ProjectConfigurationPlatforms) = postSolution
		{4931F582-139B-468D-AB01-37B5E73CB686}.Debug|Any CPU.ActiveCfg = Debug|Any CPU
		{4931F582-139B-468D-AB01-37B5E73CB686}.Debug|Any CPU.Build.0 = Debug|Any CPU
		{4931F582-139B-468D-AB01-37B5E73CB686}.Release|Any CPU.ActiveCfg = Release|Any CPU
		{4931F582-139B-468D-AB01-37B5E73CB686}.Release|Any CPU.Build.0 = Release|Any CPU
	EndGlobalSection
	GlobalSection(SolutionProperties) = preSolution
		HideSolutionNode = FALSE
	EndGlobalSection
EndGlobal
